# THIS IS AN AUTOGENERATED FILE. DO NOT EDIT THIS FILE DIRECTLY.
# yarn lockfile v1


"@playwright/test@^1.46.1":
  version "1.46.1"
  resolved "https://registry.npmjs.org/@playwright/test/-/test-1.46.1.tgz"
  integrity sha512-Fq6SwLujA/DOIvNC2EL/SojJnkKf/rAwJ//APpJJHRyMi1PdKrY3Az+4XNQ51N4RTbItbIByQ0jgd1tayq1aeA==
  dependencies:
    playwright "1.46.1"

"@types/node@^22.5.3":
  version "22.5.3"
  resolved "https://registry.npmjs.org/@types/node/-/node-22.5.3.tgz"
  integrity sha512-njripolh85IA9SQGTAqbmnNZTdxv7X/4OYGPz8tgy5JDr8MP+uDBa921GpYEoDDnwm0Hmn5ZPeJgiiSTPoOzkQ==
  dependencies:
    undici-types "~6.19.2"

playwright-core@1.46.1:
  version "1.46.1"
  resolved "https://registry.npmjs.org/playwright-core/-/playwright-core-1.46.1.tgz"
  integrity sha512-h9LqIQaAv+CYvWzsZ+h3RsrqCStkBHlgo6/TJlFst3cOTlLghBQlJwPOZKQJTKNaD3QIB7aAVQ+gfWbN3NXB7A==

playwright@1.46.1:
  version "1.46.1"
  resolved "https://registry.npmjs.org/playwright/-/playwright-1.46.1.tgz"
  integrity sha512-oPcr1yqoXLCkgKtD5eNUPLiN40rYEM39odNpIb6VE6S7/15gJmA1NzVv6zJYusV0e7tzvkU/utBFNa/Kpxmwng==
  dependencies:
    playwright-core "1.46.1"
  optionalDependencies:
    fsevents "2.3.2"

undici-types@~6.19.2:
  version "6.19.8"
  resolved "https://registry.npmjs.org/undici-types/-/undici-types-6.19.8.tgz"
  integrity sha512-ve2KP6f/JnbPBFyobGHuerC9g1FYGn/F8n1LWTwNxCEzd6IfqTwUQcNXgEtmmQ6DlRrC1hrSrBnCZPokRrDHjw==
